// !$*UTF8*$!
{
	archiveVersion = 1;
	classes = {
	};
	objectVersion = 48;
	objects = {

/* Begin PBXBuildFile section */
		88AA5C981FA755B7000F3208 /* AppDelegate.swift in Sources */ = {isa = PBXBuildFile; fileRef = 88AA5C971FA755B7000F3208 /* AppDelegate.swift */; };
		88AA5C9A1FA755B7000F3208 /* ViewController.swift in Sources */ = {isa = PBXBuildFile; fileRef = 88AA5C991FA755B7000F3208 /* ViewController.swift */; };
		88AA5C9D1FA755B7000F3208 /* Main.storyboard in Resources */ = {isa = PBXBuildFile; fileRef = 88AA5C9B1FA755B7000F3208 /* Main.storyboard */; };
		88AA5C9F1FA755B7000F3208 /* Assets.xcassets in Resources */ = {isa = PBXBuildFile; fileRef = 88AA5C9E1FA755B7000F3208 /* Assets.xcassets */; };
		88AA5CA21FA755B7000F3208 /* LaunchScreen.storyboard in Resources */ = {isa = PBXBuildFile; fileRef = 88AA5CA01FA755B7000F3208 /* LaunchScreen.storyboard */; };
		88AA5CAB1FA755FE000F3208 /* Reachability.swift in Sources */ = {isa = PBXBuildFile; fileRef = 88AA5CAA1FA755FA000F3208 /* Reachability.swift */; };
/* End PBXBuildFile section */

/* Begin PBXFileReference section */
		88AA5C941FA755B7000F3208 /* ProtocolExtensions.app */ = {isa = PBXFileReference; explicitFileType = wrapper.application; includeInIndex = 0; path = ProtocolExtensions.app; sourceTree = BUILT_PRODUCTS_DIR; };
		88AA5C971FA755B7000F3208 /* AppDelegate.swift */ = {isa = PBXFileReference; lastKnownFileType = sourcecode.swift; path = AppDelegate.swift; sourceTree = "<group>"; };
		88AA5C991FA755B7000F3208 /* ViewController.swift */ = {isa = PBXFileReference; lastKnownFileType = sourcecode.swift; path = ViewController.swift; sourceTree = "<group>"; };
		88AA5C9C1FA755B7000F3208 /* Base */ = {isa = PBXFileReference; lastKnownFileType = file.storyboard; name = Base; path = Base.lproj/Main.storyboard; sourceTree = "<group>"; };
		88AA5C9E1FA755B7000F3208 /* Assets.xcassets */ = {isa = PBXFileReference; lastKnownFileType = folder.assetcatalog; path = Assets.xcassets; sourceTree = "<group>"; };
		88AA5CA11FA755B7000F3208 /* Base */ = {isa = PBXFileReference; lastKnownFileType = file.storyboard; name = Base; path = Base.lproj/LaunchScreen.storyboard; sourceTree = "<group>"; };
		88AA5CA31FA755B7000F3208 /* Info.plist */ = {isa = PBXFileReference; lastKnownFileType = text.plist.xml; path = Info.plist; sourceTree = "<group>"; };
		88AA5CAA1FA755FA000F3208 /* Reachability.swift */ = {isa = PBXFileReference; lastKnownFileType = sourcecode.swift; path = Reachability.swift; sourceTree = "<group>"; };
/* End PBXFileReference section */

/* Begin PBXFrameworksBuildPhase section */
		88AA5C911FA755B7000F3208 /* Frameworks */ = {
			isa = PBXFrameworksBuildPhase;
			buildActionMask = 2147483647;
			files = (
			);
			runOnlyForDeploymentPostprocessing = 0;
		};
/* End PBXFrameworksBuildPhase section */

/* Begin PBXGroup section */
		88AA5C8B1FA755B7000F3208 = {
			isa = PBXGroup;
			children = (
				88AA5C961FA755B7000F3208 /* ProtocolExtensions */,
				88AA5C951FA755B7000F3208 /* Products */,
			);
			sourceTree = "<group>";
		};
		88AA5C951FA755B7000F3208 /* Products */ = {
			isa = PBXGroup;
			children = (
				88AA5C941FA755B7000F3208 /* ProtocolExtensions.app */,
			);
			name = Products;
			sourceTree = "<group>";
		};
		88AA5C961FA755B7000F3208 /* ProtocolExtensions */ = {
			isa = PBXGroup;
			children = (
				88AA5CA91FA755FA000F3208 /* Reachability */,
				88AA5C971FA755B7000F3208 /* AppDelegate.swift */,
				88AA5C991FA755B7000F3208 /* ViewController.swift */,
				88AA5C9B1FA755B7000F3208 /* Main.storyboard */,
				88AA5C9E1FA755B7000F3208 /* Assets.xcassets */,
				88AA5CA01FA755B7000F3208 /* LaunchScreen.storyboard */,
				88AA5CA31FA755B7000F3208 /* Info.plist */,
			);
			path = ProtocolExtensions;
			sourceTree = "<group>";
		};
		88AA5CA91FA755FA000F3208 /* Reachability */ = {
			isa = PBXGroup;
			children = (
				88AA5CAA1FA755FA000F3208 /* Reachability.swift */,
			);
			path = Reachability;
			sourceTree = "<group>";
		};
/* End PBXGroup section */

/* Begin PBXNativeTarget section */
		88AA5C931FA755B7000F3208 /* ProtocolExtensions */ = {
			isa = PBXNativeTarget;
			buildConfigurationList = 88AA5CA61FA755B7000F3208 /* Build configuration list for PBXNativeTarget "ProtocolExtensions" */;
			buildPhases = (
				88AA5C901FA755B7000F3208 /* Sources */,
				88AA5C911FA755B7000F3208 /* Frameworks */,
				88AA5C921FA755B7000F3208 /* Resources */,
			);
			buildRules = (
			);
			dependencies = (
			);
			name = ProtocolExtensions;
			productName = ProtocolExtensions;
			productReference = 88AA5C941FA755B7000F3208 /* ProtocolExtensions.app */;
			productType = "com.apple.product-type.application";
		};
/* End PBXNativeTarget section */

/* Begin PBXProject section */
		88AA5C8C1FA755B7000F3208 /* Project object */ = {
			isa = PBXProject;
			attributes = {
				LastSwiftUpdateCheck = 0900;
				LastUpgradeCheck = 0900;
				ORGANIZATIONNAME = Prashanth;
				TargetAttributes = {
					88AA5C931FA755B7000F3208 = {
						CreatedOnToolsVersion = 9.0;
						ProvisioningStyle = Automatic;
					};
				};
			};
			buildConfigurationList = 88AA5C8F1FA755B7000F3208 /* Build configuration list for PBXProject "ProtocolExtensions" */;
			compatibilityVersion = "Xcode 8.0";
			developmentRegion = en;
			hasScannedForEncodings = 0;
			knownRegions = (
				en,
				Base,
			);
			mainGroup = 88AA5C8B1FA755B7000F3208;
			productRefGroup = 88AA5C951FA755B7000F3208 /* Products */;
			projectDirPath = "";
			projectRoot = "";
			targets = (
				88AA5C931FA755B7000F3208 /* ProtocolExtensions */,
			);
		};
/* End PBXProject section */

/* Begin PBXResourcesBuildPhase section */
		88AA5C921FA755B7000F3208 /* Resources */ = {
			isa = PBXResourcesBuildPhase;
			buildActionMask = 2147483647;
			files = (
				88AA5CA21FA755B7000F3208 /* LaunchScreen.storyboard in Resources */,
				88AA5C9F1FA755B7000F3208 /* Assets.xcassets in Resources */,
				88AA5C9D1FA755B7000F3208 /* Main.storyboard in Resources */,
			);
			runOnlyForDeploymentPostprocessing = 0;
		};
/* End PBXResourcesBuildPhase section */

/* Begin PBXSourcesBuildPhase section */
		88AA5C901FA755B7000F3208 /* Sources */ = {
			isa = PBXSourcesBuildPhase;
			buildActionMask = 2147483647;
			files = (
				88AA5C9A1FA755B7000F3208 /* ViewController.swift in Sources */,
				88AA5C981FA755B7000F3208 /* AppDelegate.swift in Sources */,
				88AA5CAB1FA755FE000F3208 /* Reachability.swift in Sources */,
			);
			runOnlyForDeploymentPostprocessing = 0;
		};
/* End PBXSourcesBuildPhase section */

/* Begin PBXVariantGroup section */
		88AA5C9B1FA755B7000F3208 /* Main.storyboard */ = {
			isa = PBXVariantGroup;
			children = (
				88AA5C9C1FA755B7000F3208 /* Base */,
			);
			name = Main.storyboard;
			sourceTree = "<group>";
		};
		88AA5CA01FA755B7000F3208 /* LaunchScreen.storyboard */ = {
			isa = PBXVariantGroup;
			children = (
				88AA5CA11FA755B7000F3208 /* Base */,
			);
			name = LaunchScreen.storyboard;
			sourceTree = "<group>";
		};
/* End PBXVariantGroup section */

/* Begin XCBuildConfiguration section */
		88AA5CA41FA755B7000F3208 /* Debug */ = {
			isa = XCBuildConfiguration;
			buildSettings = {
				ALWAYS_SEARCH_USER_PATHS = NO;
				CLANG_ANALYZER_NONNULL = YES;
				CLANG_ANALYZER_NUMBER_OBJECT_CONVERSION = YES_AGGRESSIVE;
				CLANG_CXX_LANGUAGE_STANDARD = "gnu++14";
				CLANG_CXX_LIBRARY = "libc++";
				CLANG_ENABLE_MODULES = YES;
				CLANG_ENABLE_OBJC_ARC = YES;
				CLANG_WARN_BLOCK_CAPTURE_AUTORELEASING = YES;
				CLANG_WARN_BOOL_CONVERSION = YES;
				CLANG_WARN_COMMA = YES;
				CLANG_WARN_CONSTANT_CONVERSION = YES;
				CLANG_WARN_DIRECT_OBJC_ISA_USAGE = YES_ERROR;
				CLANG_WARN_DOCUMENTATION_COMMENTS = YES;
				CLANG_WARN_EMPTY_BODY = YES;
				CLANG_WARN_ENUM_CONVERSION = YES;
				CLANG_WARN_INFINITE_RECURSION = YES;
				CLANG_WARN_INT_CONVERSION = YES;
				CLANG_WARN_NON_LITERAL_NULL_CONVERSION = YES;
				CLANG_WARN_OBJC_LITERAL_CONVERSION = YES;
				CLANG_WARN_OBJC_ROOT_CLASS = YES_ERROR;
				CLANG_WARN_RANGE_LOOP_ANALYSIS = YES;
				CLANG_WARN_STRICT_PROTOTYPES = YES;
				CLANG_WARN_SUSPICIOUS_MOVE = YES;
				CLANG_WARN_UNGUARDED_AVAILABILITY = YES_AGGRESSIVE;
				CLANG_WARN_UNREACHABLE_CODE = YES;
				CLANG_WARN__DUPLICATE_METHOD_MATCH = YES;
				CODE_SIGN_IDENTITY = "iPhone Developer";
				COPY_PHASE_STRIP = NO;
				DEBUG_INFORMATION_FORMAT = dwarf;
				ENABLE_STRICT_OBJC_MSGSEND = YES;
				ENABLE_TESTABILITY = YES;
				GCC_C_LANGUAGE_STANDARD = gnu11;
				GCC_DYNAMIC_NO_PIC = NO;
				GCC_NO_COMMON_BLOCKS = YES;
				GCC_OPTIMIZATION_LEVEL = 0;
				GCC_PREPROCESSOR_DEFINITIONS = (
					"DEBUG=1",
					"$(inherited)",
				);
				GCC_WARN_64_TO_32_BIT_CONVERSION = YES;
				GCC_WARN_ABOUT_RETURN_TYPE = YES_ERROR;
				GCC_WARN_UNDECLARED_SELECTOR = YES;
				GCC_WARN_UNINITIALIZED_AUTOS = YES_AGGRESSIVE;
				GCC_WARN_UNUSED_FUNCTION = YES;
				GCC_WARN_UNUSED_VARIABLE = YES;
				IPHONEOS_DEPLOYMENT_TARGET = 11.0;
				MTL_ENABLE_DEBUG_INFO = YES;
				ONLY_ACTIVE_ARCH = YES;
				SDKROOT = iphoneos;
				SWIFT_ACTIVE_COMPILATION_CONDITIONS = DEBUG;
				SWIFT_OPTIMIZATION_LEVEL = "-Onone";
			};
			name = Debug;
		};
		88AA5CA51FA755B7000F3208 /* Release */ = {
			isa = XCBuildConfiguration;
			buildSettings = {
				ALWAYS_SEARCH_USER_PATHS = NO;
				CLANG_ANALYZER_NONNULL = YES;
				CLANG_ANALYZER_NUMBER_OBJECT_CONVERSION = YES_AGGRESSIVE;
				CLANG_CXX_LANGUAGE_STANDARD = "gnu++14";
				CLANG_CXX_LIBRARY = "libc++";
				CLANG_ENABLE_MODULES = YES;
				CLANG_ENABLE_OBJC_ARC = YES;
				CLANG_WARN_BLOCK_CAPTURE_AUTORELEASING = YES;
				CLANG_WARN_BOOL_CONVERSION = YES;
				CLANG_WARN_COMMA = YES;
				CLANG_WARN_CONSTANT_CONVERSION = YES;
				CLANG_WARN_DIRECT_OBJC_ISA_USAGE = YES_ERROR;
				CLANG_WARN_DOCUMENTATION_COMMENTS = YES;
				CLANG_WARN_EMPTY_BODY = YES;
				CLANG_WARN_ENUM_CONVERSION = YES;
				CLANG_WARN_INFINITE_RECURSION = YES;
				CLANG_WARN_INT_CONVERSION = YES;
				CLANG_WARN_NON_LITERAL_NULL_CONVERSION = YES;
				CLANG_WARN_OBJC_LITERAL_CONVERSION = YES;
				CLANG_WARN_OBJC_ROOT_CLASS = YES_ERROR;
				CLANG_WARN_RANGE_LOOP_ANALYSIS = YES;
				CLANG_WARN_STRICT_PROTOTYPES = YES;
				CLANG_WARN_SUSPICIOUS_MOVE = YES;
				CLANG_WARN_UNGUARDED_AVAILABILITY = YES_AGGRESSIVE;
				CLANG_WARN_UNREACHABLE_CODE = YES;
				CLANG_WARN__DUPLICATE_METHOD_MATCH = YES;
				CODE_SIGN_IDENTITY = "iPhone Developer";
				COPY_PHASE_STRIP = NO;
				DEBUG_INFORMATION_FORMAT = "dwarf-with-dsym";
				ENABLE_NS_ASSERTIONS = NO;
				ENABLE_STRICT_OBJC_MSGSEND = YES;
				GCC_C_LANGUAGE_STANDARD = gnu11;
				GCC_NO_COMMON_BLOCKS = YES;
				GCC_WARN_64_TO_32_BIT_CONVERSION = YES;
				GCC_WARN_ABOUT_RETURN_TYPE = YES_ERROR;
				GCC_WARN_UNDECLARED_SELECTOR = YES;
				GCC_WARN_UNINITIALIZED_AUTOS = YES_AGGRESSIVE;
				GCC_WARN_UNUSED_FUNCTION = YES;
				GCC_WARN_UNUSED_VARIABLE = YES;
				IPHONEOS_DEPLOYMENT_TARGET = 11.0;
				MTL_ENABLE_DEBUG_INFO = NO;
				SDKROOT = iphoneos;
				SWIFT_OPTIMIZATION_LEVEL = "-Owholemodule";
				VALIDATE_PRODUCT = YES;
			};
			name = Release;
		};
		88AA5CA71FA755B7000F3208 /* Debug */ = {
			isa = XCBuildConfiguration;
			buildSettings = {
				ASSETCATALOG_COMPILER_APPICON_NAME = AppIcon;
				CODE_SIGN_STYLE = Automatic;
				INFOPLIST_FILE = ProtocolExtensions/Info.plist;
				LD_RUNPATH_SEARCH_PATHS = "$(inherited) @executable_path/Frameworks";
				PRODUCT_BUNDLE_IDENTIFIER = com.prashanth.ProtocolExtensions;
				PRODUCT_NAME = "$(TARGET_NAME)";
				SWIFT_VERSION = 4.0;
				TARGETED_DEVICE_FAMILY = "1,2";
			};
			name = Debug;
		};
		88AA5CA81FA755B7000F3208 /* Release */ = {
			isa = XCBuildConfiguration;
			buildSettings = {
				ASSETCATALOG_COMPILER_APPICON_NAME = AppIcon;
				CODE_SIGN_STYLE = Automatic;
				INFOPLIST_FILE = ProtocolExtensions/Info.plist;
				LD_RUNPATH_SEARCH_PATHS = "$(inherited) @executable_path/Frameworks";
				PRODUCT_BUNDLE_IDENTIFIER = com.prashanth.ProtocolExtensions;
				PRODUCT_NAME = "$(TARGET_NAME)";
				SWIFT_VERSION = 4.0;
				TARGETED_DEVICE_FAMILY = "1,2";
			};
			name = Release;
		};
/* End XCBuildConfiguration section */

/* Begin XCConfigurationList section */
		88AA5C8F1FA755B7000F3208 /* Build configuration list for PBXProject "ProtocolExtensions" */ = {
			isa = XCConfigurationList;
			buildConfigurations = (
				88AA5CA41FA755B7000F3208 /* Debug */,
				88AA5CA51FA755B7000F3208 /* Release */,
			);
			defaultConfigurationIsVisible = 0;
			defaultConfigurationName = Release;
		};
		88AA5CA61FA755B7000F3208 /* Build configuration list for PBXNativeTarget "ProtocolExtensions" */ = {
			isa = XCConfigurationList;
			buildConfigurations = (
				88AA5CA71FA755B7000F3208 /* Debug */,
				88AA5CA81FA755B7000F3208 /* Release */,
			);
			defaultConfigurationIsVisible = 0;
			defaultConfigurationName = Release;
		};
/* End XCConfigurationList section */
	};
	rootObject = 88AA5C8C1FA755B7000F3208 /* Project object */;
}
